
Microsoft Visual Studio Solution File, Format Version 12.00
# Visual Studio Version 17
VisualStudioVersion = 17.7.34024.191
MinimumVisualStudioVersion = 10.0.40219.1
Project("{FAE04EC0-301F-11D3-BF4B-00C04F79EFBC}") = "GridFormDemo", "GridFormDemo\GridFormDemo.csproj", "{E145A21E-ACCD-484D-82A3-27A18DCB6FEC}"
EndProject
Global
	GlobalSection(SolutionConfigurationPlatforms) = preSolution
		Debug|Any CPU = Debug|Any CPU
		Release|Any CPU = Release|Any CPU
	EndGlobalSection
	GlobalSection(ProjectConfigurationPlatforms) = postSolution
		{E145A21E-ACCD-484D-82A3-27A18DCB6FEC}.Debug|Any CPU.ActiveCfg = Debug|Any CPU
		{E145A21E-ACCD-484D-82A3-27A18DCB6FEC}.Debug|Any CPU.Build.0 = Debug|Any CPU
		{E145A21E-ACCD-484D-82A3-27A18DCB6FEC}.Release|Any CPU.ActiveCfg = Release|Any CPU
		{E145A21E-ACCD-484D-82A3-27A18DCB6FEC}.Release|Any CPU.Build.0 = Release|Any CPU
	EndGlobalSection
	GlobalSection(SolutionProperties) = preSolution
		HideSolutionNode = FALSE
	EndGlobalSection
	GlobalSection(ExtensibilityGlobals) = postSolution
		SolutionGuid = {E4785526-49AD-438E-92CF-84081F10B00E}
	EndGlobalSection
EndGlobal
