
Microsoft Visual Studio Solution File, Format Version 12.00
# Visual Studio Version 17
VisualStudioVersion = 17.5.33627.172
MinimumVisualStudioVersion = 10.0.40219.1
Project("{FAE04EC0-301F-11D3-BF4B-00C04F79EFBC}") = "ContactListJsonXML", "ContactListJsonXML\ContactListJsonXML.csproj", "{DC0953B9-667F-4F6A-B458-3A30BF62C65E}"
EndProject
Global
	GlobalSection(SolutionConfigurationPlatforms) = preSolution
		Debug|Any CPU = Debug|Any CPU
		Release|Any CPU = Release|Any CPU
	EndGlobalSection
	GlobalSection(ProjectConfigurationPlatforms) = postSolution
		{DC0953B9-667F-4F6A-B458-3A30BF62C65E}.Debug|Any CPU.ActiveCfg = Debug|Any CPU
		{DC0953B9-667F-4F6A-B458-3A30BF62C65E}.Debug|Any CPU.Build.0 = Debug|Any CPU
		{DC0953B9-667F-4F6A-B458-3A30BF62C65E}.Release|Any CPU.ActiveCfg = Release|Any CPU
		{DC0953B9-667F-4F6A-B458-3A30BF62C65E}.Release|Any CPU.Build.0 = Release|Any CPU
	EndGlobalSection
	GlobalSection(SolutionProperties) = preSolution
		HideSolutionNode = FALSE
	EndGlobalSection
	GlobalSection(ExtensibilityGlobals) = postSolution
		SolutionGuid = {A96E3ADF-9720-41FB-A9EC-69E635C07E3E}
	EndGlobalSection
EndGlobal
