
Microsoft Visual Studio Solution File, Format Version 12.00
# Visual Studio Version 17
VisualStudioVersion = 17.5.33627.172
MinimumVisualStudioVersion = 10.0.40219.1
Project("{FAE04EC0-301F-11D3-BF4B-00C04F79EFBC}") = "TCPService_SE1711", "TCPService_SE1711\TCPService_SE1711.csproj", "{09804CE4-F771-4319-A038-838FB7A7F638}"
EndProject
Project("{9A19103F-16F7-4668-BE54-9A1E7A4F7556}") = "ServerApp", "..\..\TCPService\ServerApp\ServerApp.csproj", "{9EB04D52-818C-4BDF-84A7-8587FAF1C367}"
EndProject
Project("{9A19103F-16F7-4668-BE54-9A1E7A4F7556}") = "DirectorInfo", "..\DirectorInfo\Director\Director\DirectorInfo.csproj", "{263B95A0-B0F0-4612-9051-AC63D9F382C4}"
EndProject
Global
	GlobalSection(SolutionConfigurationPlatforms) = preSolution
		Debug|Any CPU = Debug|Any CPU
		Release|Any CPU = Release|Any CPU
	EndGlobalSection
	GlobalSection(ProjectConfigurationPlatforms) = postSolution
		{09804CE4-F771-4319-A038-838FB7A7F638}.Debug|Any CPU.ActiveCfg = Debug|Any CPU
		{09804CE4-F771-4319-A038-838FB7A7F638}.Debug|Any CPU.Build.0 = Debug|Any CPU
		{09804CE4-F771-4319-A038-838FB7A7F638}.Release|Any CPU.ActiveCfg = Release|Any CPU
		{09804CE4-F771-4319-A038-838FB7A7F638}.Release|Any CPU.Build.0 = Release|Any CPU
		{9EB04D52-818C-4BDF-84A7-8587FAF1C367}.Debug|Any CPU.ActiveCfg = Debug|Any CPU
		{9EB04D52-818C-4BDF-84A7-8587FAF1C367}.Debug|Any CPU.Build.0 = Debug|Any CPU
		{9EB04D52-818C-4BDF-84A7-8587FAF1C367}.Release|Any CPU.ActiveCfg = Release|Any CPU
		{9EB04D52-818C-4BDF-84A7-8587FAF1C367}.Release|Any CPU.Build.0 = Release|Any CPU
		{263B95A0-B0F0-4612-9051-AC63D9F382C4}.Debug|Any CPU.ActiveCfg = Debug|Any CPU
		{263B95A0-B0F0-4612-9051-AC63D9F382C4}.Debug|Any CPU.Build.0 = Debug|Any CPU
		{263B95A0-B0F0-4612-9051-AC63D9F382C4}.Release|Any CPU.ActiveCfg = Release|Any CPU
		{263B95A0-B0F0-4612-9051-AC63D9F382C4}.Release|Any CPU.Build.0 = Release|Any CPU
	EndGlobalSection
	GlobalSection(SolutionProperties) = preSolution
		HideSolutionNode = FALSE
	EndGlobalSection
	GlobalSection(ExtensibilityGlobals) = postSolution
		SolutionGuid = {38AB1250-C1EB-49B6-8CBA-EC08B692E7A4}
	EndGlobalSection
EndGlobal
