
Microsoft Visual Studio Solution File, Format Version 12.00
# Visual Studio Version 17
VisualStudioVersion = 17.5.33627.172
MinimumVisualStudioVersion = 10.0.40219.1
Project("{9A19103F-16F7-4668-BE54-9A1E7A4F7556}") = "ServerPhone", "ServerPhone\ServerPhone.csproj", "{4CB77D1E-A023-42DA-92F9-C990834B7710}"
EndProject
Project("{9A19103F-16F7-4668-BE54-9A1E7A4F7556}") = "ClientPhone", "..\ClientPhone\ClientPhone\ClientPhone.csproj", "{74507721-BAE4-45C7-BD49-8D4F97716E89}"
EndProject
Global
	GlobalSection(SolutionConfigurationPlatforms) = preSolution
		Debug|Any CPU = Debug|Any CPU
		Release|Any CPU = Release|Any CPU
	EndGlobalSection
	GlobalSection(ProjectConfigurationPlatforms) = postSolution
		{4CB77D1E-A023-42DA-92F9-C990834B7710}.Debug|Any CPU.ActiveCfg = Debug|Any CPU
		{4CB77D1E-A023-42DA-92F9-C990834B7710}.Debug|Any CPU.Build.0 = Debug|Any CPU
		{4CB77D1E-A023-42DA-92F9-C990834B7710}.Release|Any CPU.ActiveCfg = Release|Any CPU
		{4CB77D1E-A023-42DA-92F9-C990834B7710}.Release|Any CPU.Build.0 = Release|Any CPU
		{74507721-BAE4-45C7-BD49-8D4F97716E89}.Debug|Any CPU.ActiveCfg = Debug|Any CPU
		{74507721-BAE4-45C7-BD49-8D4F97716E89}.Debug|Any CPU.Build.0 = Debug|Any CPU
		{74507721-BAE4-45C7-BD49-8D4F97716E89}.Release|Any CPU.ActiveCfg = Release|Any CPU
		{74507721-BAE4-45C7-BD49-8D4F97716E89}.Release|Any CPU.Build.0 = Release|Any CPU
	EndGlobalSection
	GlobalSection(SolutionProperties) = preSolution
		HideSolutionNode = FALSE
	EndGlobalSection
	GlobalSection(ExtensibilityGlobals) = postSolution
		SolutionGuid = {307269F7-6E7B-4F62-A4D4-D18D6E9B028B}
	EndGlobalSection
EndGlobal
